
Microsoft Visual Studio Solution File, Format Version 12.00
# Visual Studio Version 16
VisualStudioVersion = 16.0.31911.196
MinimumVisualStudioVersion = 10.0.40219.1
Project("{FAE04EC0-301F-11D3-BF4B-00C04F79EFBC}") = "AppiumDemo", "AppiumDemo\AppiumDemo.csproj", "{4DE6F974-7F86-44F7-8312-4BCF6F6CE0D8}"
EndProject
Global
	GlobalSection(SolutionConfigurationPlatforms) = preSolution
		Debug|Any CPU = Debug|Any CPU
		Release|Any CPU = Release|Any CPU
	EndGlobalSection
	GlobalSection(ProjectConfigurationPlatforms) = postSolution
		{4DE6F974-7F86-44F7-8312-4BCF6F6CE0D8}.Debug|Any CPU.ActiveCfg = Debug|Any CPU
		{4DE6F974-7F86-44F7-8312-4BCF6F6CE0D8}.Debug|Any CPU.Build.0 = Debug|Any CPU
		{4DE6F974-7F86-44F7-8312-4BCF6F6CE0D8}.Release|Any CPU.ActiveCfg = Release|Any CPU
		{4DE6F974-7F86-44F7-8312-4BCF6F6CE0D8}.Release|Any CPU.Build.0 = Release|Any CPU
	EndGlobalSection
	GlobalSection(SolutionProperties) = preSolution
		HideSolutionNode = FALSE
	EndGlobalSection
	GlobalSection(ExtensibilityGlobals) = postSolution
		SolutionGuid = {48E51124-A5DE-47D8-9EE7-5A9514CFB37B}
	EndGlobalSection
EndGlobal
